hash: 55c934fee5baae05f4a1354bd286a98c05572d7101655dd480f77e73317e944d
updated: 2017-06-07T23:18:17.436111293+02:00
imports:
- name: github.com/drone/drone-go
  version: eaa41f7836a191224ec5702d2458db07882ec269
  vcs: git
  subpackages:
  - plugin
- name: github.com/imdario/mergo
  version: d806ba8c21777d504a2090a2ca4913c750dd3a33
- name: github.com/joho/godotenv
  version: 325433c502d409f3c3dc820098fb0cfe38d98dc7
- name: github.com/Sirupsen/logrus
  version: 68cec9f21fbf3ea8d8f98c044bc6ce05f17b267a
- name: github.com/urfave/cli
  version: d70f47eeca3afd795160003bc6e28b001d60c67c
- name: golang.org/x/sys
  version: b9e8d468b01f806830d387bd9a1fe96dc68129d1
  subpackages:
  - unix
- name: gopkg.in/yaml.v2
  version: cd8b52f8269e0feb286dfeef29f8fe4d5b397e0b
testImports: []
